
Microsoft Visual Studio Solution File, Format Version 12.00
Project("{FAE04EC0-301F-11D3-BF4B-00C04F79EFBC}") = "OpenGL_CSharp", "OpenGL_CSharp\OpenGL_CSharp.csproj", "{DE40E525-DC29-4212-AD96-E28A678F0538}"
EndProject
Global
	GlobalSection(SolutionConfigurationPlatforms) = preSolution
		Debug|Any CPU = Debug|Any CPU
		Release|Any CPU = Release|Any CPU
	EndGlobalSection
	GlobalSection(ProjectConfigurationPlatforms) = postSolution
		{DE40E525-DC29-4212-AD96-E28A678F0538}.Debug|Any CPU.ActiveCfg = Debug|Any CPU
		{DE40E525-DC29-4212-AD96-E28A678F0538}.Debug|Any CPU.Build.0 = Debug|Any CPU
		{DE40E525-DC29-4212-AD96-E28A678F0538}.Release|Any CPU.ActiveCfg = Release|Any CPU
		{DE40E525-DC29-4212-AD96-E28A678F0538}.Release|Any CPU.Build.0 = Release|Any CPU
	EndGlobalSection
EndGlobal
