
Microsoft Visual Studio Solution File, Format Version 12.00
Project("{FAE04EC0-301F-11D3-BF4B-00C04F79EFBC}") = "Silk_OpenGL", "Silk_OpenGL\Silk_OpenGL.csproj", "{CC7A5B39-47EE-48D5-B771-691065C542ED}"
EndProject
Global
	GlobalSection(SolutionConfigurationPlatforms) = preSolution
		Debug|Any CPU = Debug|Any CPU
		Release|Any CPU = Release|Any CPU
	EndGlobalSection
	GlobalSection(ProjectConfigurationPlatforms) = postSolution
		{CC7A5B39-47EE-48D5-B771-691065C542ED}.Debug|Any CPU.ActiveCfg = Debug|Any CPU
		{CC7A5B39-47EE-48D5-B771-691065C542ED}.Debug|Any CPU.Build.0 = Debug|Any CPU
		{CC7A5B39-47EE-48D5-B771-691065C542ED}.Release|Any CPU.ActiveCfg = Release|Any CPU
		{CC7A5B39-47EE-48D5-B771-691065C542ED}.Release|Any CPU.Build.0 = Release|Any CPU
	EndGlobalSection
EndGlobal
